
Microsoft Visual Studio Solution File, Format Version 12.00
# Visual Studio Version 17
VisualStudioVersion = 17.1.32319.34
MinimumVisualStudioVersion = 10.0.40219.1
Project("{FAE04EC0-301F-11D3-BF4B-00C04F79EFBC}") = "Department", "Department.csproj", "{FB90A96D-2C1D-483D-85BD-60ACEFC5E8B0}"
EndProject
Global
	GlobalSection(SolutionConfigurationPlatforms) = preSolution
		Debug|Any CPU = Debug|Any CPU
		Release|Any CPU = Release|Any CPU
	EndGlobalSection
	GlobalSection(ProjectConfigurationPlatforms) = postSolution
		{FB90A96D-2C1D-483D-85BD-60ACEFC5E8B0}.Debug|Any CPU.ActiveCfg = Debug|Any CPU
		{FB90A96D-2C1D-483D-85BD-60ACEFC5E8B0}.Debug|Any CPU.Build.0 = Debug|Any CPU
		{FB90A96D-2C1D-483D-85BD-60ACEFC5E8B0}.Release|Any CPU.ActiveCfg = Release|Any CPU
		{FB90A96D-2C1D-483D-85BD-60ACEFC5E8B0}.Release|Any CPU.Build.0 = Release|Any CPU
	EndGlobalSection
	GlobalSection(SolutionProperties) = preSolution
		HideSolutionNode = FALSE
	EndGlobalSection
	GlobalSection(ExtensibilityGlobals) = postSolution
		SolutionGuid = {995D8813-1C18-4A26-8420-A5BA01E8501D}
	EndGlobalSection
EndGlobal
